{
  "nodes": {
    "nixpkgs": {
      "locked": {
        "lastModified": 1738680400,
        "narHash": "sha256-ooLh+XW8jfa+91F1nhf9OF7qhuA/y1ChLx6lXDNeY5U=",
        "rev": "799ba5bffed04ced7067a91798353d360788b30d",
        "revCount": 747653,
        "type": "tarball",
        "url": "https://api.flakehub.com/f/pinned/NixOS/nixpkgs/0.1.747653%2Brev-799ba5bffed04ced7067a91798353d360788b30d/0194d302-29da-7009-8f43-5b8a58825954/source.tar.gz"
      },
      "original": {
        "type": "tarball",
        "url": "https://flakehub.com/f/NixOS/nixpkgs/0.1.%2A.tar.gz"
      }
    },
    "root": {
      "inputs": {
        "nixpkgs": "nixpkgs",
        "rust-overlay": "rust-overlay"
      }
    },
    "rust-overlay": {
      "inputs": {
        "nixpkgs": [
          "nixpkgs"
        ]
      },
      "locked": {
        "lastModified": 1738808867,
        "narHash": "sha256-m5rbY/ck0NAlfSBxo++vl7EZn8fkZ02H3kGGc7q883c=",
        "owner": "oxalica",
        "repo": "rust-overlay",
        "rev": "ae46f37fb727030ddc2ef65a675b751484c90032",
        "type": "github"
      },
      "original": {
        "owner": "oxalica",
        "repo": "rust-overlay",
        "type": "github"
      }
    }
  },
  "root": "root",
  "version": 7
}
